{
	"name": "exercise5",
	"lockfileVersion": 2,
	"requires": true,
	"packages": {
		"": {
			"dependencies": {
				"@hexlet/immutable-fs-trees": "*",
				"lodash": "*"
			}
		},
		"node_modules/@hexlet/immutable-fs-trees": {
			"version": "0.7.1",
			"resolved": "https://registry.npmjs.org/@hexlet/immutable-fs-trees/-/immutable-fs-trees-0.7.1.tgz",
			"integrity": "sha512-+CZuc8bdAe4WvbfahK0blg7qUL4e/SEOQkJ3PPLtyVKZ/FTKiB5taHIE1u18FwsGthBxI9ochvURedlZ3WXARA=="
		},
		"node_modules/lodash": {
			"version": "4.17.21",
			"resolved": "https://registry.npmjs.org/lodash/-/lodash-4.17.21.tgz",
			"integrity": "sha512-v2kDEe57lecTulaDIuNTPy3Ry4gLGJ6Z1O3vE1krgXZNrsQ+LFTGHVxVjcXPs17LhbZVGedAJv8XZ1tvj5FvSg=="
		}
	},
	"dependencies": {
		"@hexlet/immutable-fs-trees": {
			"version": "0.7.1",
			"resolved": "https://registry.npmjs.org/@hexlet/immutable-fs-trees/-/immutable-fs-trees-0.7.1.tgz",
			"integrity": "sha512-+CZuc8bdAe4WvbfahK0blg7qUL4e/SEOQkJ3PPLtyVKZ/FTKiB5taHIE1u18FwsGthBxI9ochvURedlZ3WXARA=="
		},
		"lodash": {
			"version": "4.17.21",
			"resolved": "https://registry.npmjs.org/lodash/-/lodash-4.17.21.tgz",
			"integrity": "sha512-v2kDEe57lecTulaDIuNTPy3Ry4gLGJ6Z1O3vE1krgXZNrsQ+LFTGHVxVjcXPs17LhbZVGedAJv8XZ1tvj5FvSg=="
		}
	}
}
